
Microsoft Visual Studio Solution File, Format Version 12.00
# Visual Studio Version 16
VisualStudioVersion = 16.0.28803.352
MinimumVisualStudioVersion = 10.0.40219.1
Project("{FAE04EC0-301F-11D3-BF4B-00C04F79EFBC}") = "HouseholdBudgeter", "HouseholdBudgeter\HouseholdBudgeter.csproj", "{FCC761EC-7A84-4D88-9A77-7426EAD4FA91}"
EndProject
Global
	GlobalSection(SolutionConfigurationPlatforms) = preSolution
		Debug|Any CPU = Debug|Any CPU
		Release|Any CPU = Release|Any CPU
	EndGlobalSection
	GlobalSection(ProjectConfigurationPlatforms) = postSolution
		{FCC761EC-7A84-4D88-9A77-7426EAD4FA91}.Debug|Any CPU.ActiveCfg = Debug|Any CPU
		{FCC761EC-7A84-4D88-9A77-7426EAD4FA91}.Debug|Any CPU.Build.0 = Debug|Any CPU
		{FCC761EC-7A84-4D88-9A77-7426EAD4FA91}.Release|Any CPU.ActiveCfg = Release|Any CPU
		{FCC761EC-7A84-4D88-9A77-7426EAD4FA91}.Release|Any CPU.Build.0 = Release|Any CPU
	EndGlobalSection
	GlobalSection(SolutionProperties) = preSolution
		HideSolutionNode = FALSE
	EndGlobalSection
	GlobalSection(ExtensibilityGlobals) = postSolution
		SolutionGuid = {612EC671-7425-45F2-A457-10BE6673D4F4}
	EndGlobalSection
EndGlobal
